{
  "version": 4,
  "terraform_version": "0.12.29",
  "serial": 2,
  "lineage": "2cb5c6de-7486-82a6-01c7-d079e3c7b6f6",
  "outputs": {
    "hostnames": {
      "value": [
        "test-alias.radyzone.com"
      ],
      "type": [
        "tuple",
        [
          "string"
        ]
      ]
    },
    "parent_zone_id": {
      "value": [
        "Z07327922LGUNSOZJDMI"
      ],
      "type": [
        "tuple",
        [
          "string"
        ]
      ]
    },
    "parent_zone_name": {
      "value": [
        "radyzone.com."
      ],
      "type": [
        "tuple",
        [
          "string"
        ]
      ]
    }
  },
  "resources": [
    {
      "module": "module.route53_alias",
      "mode": "data",
      "type": "aws_route53_zone",
      "name": "default",
      "each": "list",
      "provider": "provider.aws",
      "instances": [
        {
          "index_key": 0,
          "schema_version": 0,
          "attributes": {
            "caller_reference": "RISWorkflow-RD:3173888a-dbb5-4481-876f-59c100603f57",
            "comment": "HostedZone created by Route53 Registrar",
            "id": "Z07327922LGUNSOZJDMI",
            "linked_service_description": null,
            "linked_service_principal": null,
            "name": "radyzone.com.",
            "name_servers": [
              "ns-364.awsdns-45.com",
              "ns-1124.awsdns-12.org",
              "ns-531.awsdns-02.net",
              "ns-1974.awsdns-54.co.uk"
            ],
            "private_zone": false,
            "resource_record_set_count": 5,
            "tags": {},
            "vpc_id": null,
            "zone_id": "Z07327922LGUNSOZJDMI"
          }
        }
      ]
    },
    {
      "module": "module.route53_alias",
      "mode": "managed",
      "type": "aws_route53_record",
      "name": "default",
      "each": "list",
      "provider": "provider.aws",
      "instances": [
        {
          "index_key": 0,
          "schema_version": 2,
          "attributes": {
            "alias": [
              {
                "evaluate_target_health": false,
                "name": "test-load-balancer-1445063994.us-west-1.elb.amazonaws.com",
                "zone_id": "Z368ELLRRE2KJ0"
              }
            ],
            "allow_overwrite": false,
            "failover_routing_policy": [],
            "fqdn": "test-alias.radyzone.com",
            "geolocation_routing_policy": [],
            "health_check_id": null,
            "id": "Z07327922LGUNSOZJDMI_test-alias_A",
            "latency_routing_policy": [],
            "multivalue_answer_routing_policy": null,
            "name": "test-alias",
            "records": null,
            "set_identifier": null,
            "ttl": null,
            "type": "A",
            "weighted_routing_policy": [],
            "zone_id": "Z07327922LGUNSOZJDMI"
          },
          "private": "eyJzY2hlbWFfdmVyc2lvbiI6IjIifQ=="
        }
      ]
    },
    {
      "module": "module.route53_alias",
      "mode": "managed",
      "type": "aws_route53_record",
      "name": "ipv6",
      "each": "list",
      "provider": "provider.aws",
      "instances": []
    }
  ]
}
